
Microsoft Visual Studio Solution File, Format Version 12.00
# Visual Studio 15
VisualStudioVersion = 15.0.28307.1062
MinimumVisualStudioVersion = 10.0.40219.1
Project("{FAE04EC0-301F-11D3-BF4B-00C04F79EFBC}") = "3_Observer", "3_Observer\3_Observer.csproj", "{7B1992E0-2622-4783-91C1-6841C96950EA}"
EndProject
Project("{FAE04EC0-301F-11D3-BF4B-00C04F79EFBC}") = "3_Observer_console", "3_Observer_console\3_Observer_console.csproj", "{EE35C710-1780-4068-B774-36F79AA85E1F}"
EndProject
Project("{FAE04EC0-301F-11D3-BF4B-00C04F79EFBC}") = "3_Observer_event", "3_Observer_event\3_Observer_event.csproj", "{8688ECCC-9C73-450B-B21F-C0AFB0C6A84C}"
EndProject
Global
	GlobalSection(SolutionConfigurationPlatforms) = preSolution
		Debug|Any CPU = Debug|Any CPU
		Release|Any CPU = Release|Any CPU
	EndGlobalSection
	GlobalSection(ProjectConfigurationPlatforms) = postSolution
		{7B1992E0-2622-4783-91C1-6841C96950EA}.Debug|Any CPU.ActiveCfg = Debug|Any CPU
		{7B1992E0-2622-4783-91C1-6841C96950EA}.Debug|Any CPU.Build.0 = Debug|Any CPU
		{7B1992E0-2622-4783-91C1-6841C96950EA}.Release|Any CPU.ActiveCfg = Release|Any CPU
		{7B1992E0-2622-4783-91C1-6841C96950EA}.Release|Any CPU.Build.0 = Release|Any CPU
		{EE35C710-1780-4068-B774-36F79AA85E1F}.Debug|Any CPU.ActiveCfg = Debug|Any CPU
		{EE35C710-1780-4068-B774-36F79AA85E1F}.Debug|Any CPU.Build.0 = Debug|Any CPU
		{EE35C710-1780-4068-B774-36F79AA85E1F}.Release|Any CPU.ActiveCfg = Release|Any CPU
		{EE35C710-1780-4068-B774-36F79AA85E1F}.Release|Any CPU.Build.0 = Release|Any CPU
		{8688ECCC-9C73-450B-B21F-C0AFB0C6A84C}.Debug|Any CPU.ActiveCfg = Debug|Any CPU
		{8688ECCC-9C73-450B-B21F-C0AFB0C6A84C}.Debug|Any CPU.Build.0 = Debug|Any CPU
		{8688ECCC-9C73-450B-B21F-C0AFB0C6A84C}.Release|Any CPU.ActiveCfg = Release|Any CPU
		{8688ECCC-9C73-450B-B21F-C0AFB0C6A84C}.Release|Any CPU.Build.0 = Release|Any CPU
	EndGlobalSection
	GlobalSection(SolutionProperties) = preSolution
		HideSolutionNode = FALSE
	EndGlobalSection
	GlobalSection(ExtensibilityGlobals) = postSolution
		SolutionGuid = {91A7B4E2-CBED-40BE-8BB6-6046EA48BC85}
	EndGlobalSection
EndGlobal
